// !$*UTF8*$!
{
	archiveVersion = 1;
	classes = {
	};
	objectVersion = 50;
	objects = {

/* Begin PBXBuildFile section */
		8439743D220F56A100485B5B /* SwiftNotificationBadge.framework in Frameworks */ = {isa = PBXBuildFile; fileRef = 84397433220F56A100485B5B /* SwiftNotificationBadge.framework */; };
		84397442220F56A100485B5B /* SwiftNotificationBadgeTests.swift in Sources */ = {isa = PBXBuildFile; fileRef = 84397441220F56A100485B5B /* SwiftNotificationBadgeTests.swift */; };
		84397444220F56A100485B5B /* SwiftNotificationBadge.h in Headers */ = {isa = PBXBuildFile; fileRef = 84397436220F56A100485B5B /* SwiftNotificationBadge.h */; settings = {ATTRIBUTES = (Public, ); }; };
		8439744E220F570500485B5B /* NotificationBadge.swift in Sources */ = {isa = PBXBuildFile; fileRef = 8439744D220F570500485B5B /* NotificationBadge.swift */; };
		84397452220F588700485B5B /* UIView+Layout.swift in Sources */ = {isa = PBXBuildFile; fileRef = 84397451220F588700485B5B /* UIView+Layout.swift */; };
		84397454220F5C7300485B5B /* UIView+DropShadow.swift in Sources */ = {isa = PBXBuildFile; fileRef = 84397453220F5C7300485B5B /* UIView+DropShadow.swift */; };
		84397456220F5D9200485B5B /* UILabel+Size.swift in Sources */ = {isa = PBXBuildFile; fileRef = 84397455220F5D9200485B5B /* UILabel+Size.swift */; };
		84397458220F5F5400485B5B /* NotificationBadge+Configuration.swift in Sources */ = {isa = PBXBuildFile; fileRef = 84397457220F5F5400485B5B /* NotificationBadge+Configuration.swift */; };
/* End PBXBuildFile section */

/* Begin PBXContainerItemProxy section */
		8439743E220F56A100485B5B /* PBXContainerItemProxy */ = {
			isa = PBXContainerItemProxy;
			containerPortal = 8439742A220F56A100485B5B /* Project object */;
			proxyType = 1;
			remoteGlobalIDString = 84397432220F56A100485B5B;
			remoteInfo = SwiftNotificationBadge;
		};
/* End PBXContainerItemProxy section */

/* Begin PBXFileReference section */
		84397433220F56A100485B5B /* SwiftNotificationBadge.framework */ = {isa = PBXFileReference; explicitFileType = wrapper.framework; includeInIndex = 0; path = SwiftNotificationBadge.framework; sourceTree = BUILT_PRODUCTS_DIR; };
		84397436220F56A100485B5B /* SwiftNotificationBadge.h */ = {isa = PBXFileReference; lastKnownFileType = sourcecode.c.h; path = SwiftNotificationBadge.h; sourceTree = "<group>"; };
		84397437220F56A100485B5B /* Info.plist */ = {isa = PBXFileReference; lastKnownFileType = text.plist.xml; path = Info.plist; sourceTree = "<group>"; };
		8439743C220F56A100485B5B /* SwiftNotificationBadgeTests.xctest */ = {isa = PBXFileReference; explicitFileType = wrapper.cfbundle; includeInIndex = 0; path = SwiftNotificationBadgeTests.xctest; sourceTree = BUILT_PRODUCTS_DIR; };
		84397441220F56A100485B5B /* SwiftNotificationBadgeTests.swift */ = {isa = PBXFileReference; lastKnownFileType = sourcecode.swift; path = SwiftNotificationBadgeTests.swift; sourceTree = "<group>"; };
		84397443220F56A100485B5B /* Info.plist */ = {isa = PBXFileReference; lastKnownFileType = text.plist.xml; path = Info.plist; sourceTree = "<group>"; };
		8439744D220F570500485B5B /* NotificationBadge.swift */ = {isa = PBXFileReference; lastKnownFileType = sourcecode.swift; path = NotificationBadge.swift; sourceTree = "<group>"; };
		84397451220F588700485B5B /* UIView+Layout.swift */ = {isa = PBXFileReference; lastKnownFileType = sourcecode.swift; path = "UIView+Layout.swift"; sourceTree = "<group>"; };
		84397453220F5C7300485B5B /* UIView+DropShadow.swift */ = {isa = PBXFileReference; lastKnownFileType = sourcecode.swift; path = "UIView+DropShadow.swift"; sourceTree = "<group>"; };
		84397455220F5D9200485B5B /* UILabel+Size.swift */ = {isa = PBXFileReference; lastKnownFileType = sourcecode.swift; path = "UILabel+Size.swift"; sourceTree = "<group>"; };
		84397457220F5F5400485B5B /* NotificationBadge+Configuration.swift */ = {isa = PBXFileReference; lastKnownFileType = sourcecode.swift; path = "NotificationBadge+Configuration.swift"; sourceTree = "<group>"; };
/* End PBXFileReference section */

/* Begin PBXFrameworksBuildPhase section */
		84397430220F56A100485B5B /* Frameworks */ = {
			isa = PBXFrameworksBuildPhase;
			buildActionMask = 2147483647;
			files = (
			);
			runOnlyForDeploymentPostprocessing = 0;
		};
		84397439220F56A100485B5B /* Frameworks */ = {
			isa = PBXFrameworksBuildPhase;
			buildActionMask = 2147483647;
			files = (
				8439743D220F56A100485B5B /* SwiftNotificationBadge.framework in Frameworks */,
			);
			runOnlyForDeploymentPostprocessing = 0;
		};
/* End PBXFrameworksBuildPhase section */

/* Begin PBXGroup section */
		84397429220F56A100485B5B = {
			isa = PBXGroup;
			children = (
				84397435220F56A100485B5B /* SwiftNotificationBadge */,
				84397440220F56A100485B5B /* SwiftNotificationBadgeTests */,
				84397434220F56A100485B5B /* Products */,
			);
			sourceTree = "<group>";
		};
		84397434220F56A100485B5B /* Products */ = {
			isa = PBXGroup;
			children = (
				84397433220F56A100485B5B /* SwiftNotificationBadge.framework */,
				8439743C220F56A100485B5B /* SwiftNotificationBadgeTests.xctest */,
			);
			name = Products;
			sourceTree = "<group>";
		};
		84397435220F56A100485B5B /* SwiftNotificationBadge */ = {
			isa = PBXGroup;
			children = (
				8439744F220F571900485B5B /* Badge */,
				84397450220F586F00485B5B /* Helper */,
				84397436220F56A100485B5B /* SwiftNotificationBadge.h */,
				84397437220F56A100485B5B /* Info.plist */,
			);
			path = SwiftNotificationBadge;
			sourceTree = "<group>";
		};
		84397440220F56A100485B5B /* SwiftNotificationBadgeTests */ = {
			isa = PBXGroup;
			children = (
				84397441220F56A100485B5B /* SwiftNotificationBadgeTests.swift */,
				84397443220F56A100485B5B /* Info.plist */,
			);
			path = SwiftNotificationBadgeTests;
			sourceTree = "<group>";
		};
		8439744F220F571900485B5B /* Badge */ = {
			isa = PBXGroup;
			children = (
				8439744D220F570500485B5B /* NotificationBadge.swift */,
				84397457220F5F5400485B5B /* NotificationBadge+Configuration.swift */,
			);
			path = Badge;
			sourceTree = "<group>";
		};
		84397450220F586F00485B5B /* Helper */ = {
			isa = PBXGroup;
			children = (
				84397451220F588700485B5B /* UIView+Layout.swift */,
				84397453220F5C7300485B5B /* UIView+DropShadow.swift */,
				84397455220F5D9200485B5B /* UILabel+Size.swift */,
			);
			path = Helper;
			sourceTree = "<group>";
		};
/* End PBXGroup section */

/* Begin PBXHeadersBuildPhase section */
		8439742E220F56A100485B5B /* Headers */ = {
			isa = PBXHeadersBuildPhase;
			buildActionMask = 2147483647;
			files = (
				84397444220F56A100485B5B /* SwiftNotificationBadge.h in Headers */,
			);
			runOnlyForDeploymentPostprocessing = 0;
		};
/* End PBXHeadersBuildPhase section */

/* Begin PBXNativeTarget section */
		84397432220F56A100485B5B /* SwiftNotificationBadge */ = {
			isa = PBXNativeTarget;
			buildConfigurationList = 84397447220F56A100485B5B /* Build configuration list for PBXNativeTarget "SwiftNotificationBadge" */;
			buildPhases = (
				8439742E220F56A100485B5B /* Headers */,
				8439742F220F56A100485B5B /* Sources */,
				84397430220F56A100485B5B /* Frameworks */,
				84397431220F56A100485B5B /* Resources */,
			);
			buildRules = (
			);
			dependencies = (
			);
			name = SwiftNotificationBadge;
			productName = SwiftNotificationBadge;
			productReference = 84397433220F56A100485B5B /* SwiftNotificationBadge.framework */;
			productType = "com.apple.product-type.framework";
		};
		8439743B220F56A100485B5B /* SwiftNotificationBadgeTests */ = {
			isa = PBXNativeTarget;
			buildConfigurationList = 8439744A220F56A100485B5B /* Build configuration list for PBXNativeTarget "SwiftNotificationBadgeTests" */;
			buildPhases = (
				84397438220F56A100485B5B /* Sources */,
				84397439220F56A100485B5B /* Frameworks */,
				8439743A220F56A100485B5B /* Resources */,
			);
			buildRules = (
			);
			dependencies = (
				8439743F220F56A100485B5B /* PBXTargetDependency */,
			);
			name = SwiftNotificationBadgeTests;
			productName = SwiftNotificationBadgeTests;
			productReference = 8439743C220F56A100485B5B /* SwiftNotificationBadgeTests.xctest */;
			productType = "com.apple.product-type.bundle.unit-test";
		};
/* End PBXNativeTarget section */

/* Begin PBXProject section */
		8439742A220F56A100485B5B /* Project object */ = {
			isa = PBXProject;
			attributes = {
				LastSwiftUpdateCheck = 1010;
				LastUpgradeCheck = 1010;
				ORGANIZATIONNAME = Manish;
				TargetAttributes = {
					84397432220F56A100485B5B = {
						CreatedOnToolsVersion = 10.1;
						LastSwiftMigration = 1010;
					};
					8439743B220F56A100485B5B = {
						CreatedOnToolsVersion = 10.1;
					};
				};
			};
			buildConfigurationList = 8439742D220F56A100485B5B /* Build configuration list for PBXProject "SwiftNotificationBadge" */;
			compatibilityVersion = "Xcode 9.3";
			developmentRegion = en;
			hasScannedForEncodings = 0;
			knownRegions = (
				en,
			);
			mainGroup = 84397429220F56A100485B5B;
			productRefGroup = 84397434220F56A100485B5B /* Products */;
			projectDirPath = "";
			projectRoot = "";
			targets = (
				84397432220F56A100485B5B /* SwiftNotificationBadge */,
				8439743B220F56A100485B5B /* SwiftNotificationBadgeTests */,
			);
		};
/* End PBXProject section */

/* Begin PBXResourcesBuildPhase section */
		84397431220F56A100485B5B /* Resources */ = {
			isa = PBXResourcesBuildPhase;
			buildActionMask = 2147483647;
			files = (
			);
			runOnlyForDeploymentPostprocessing = 0;
		};
		8439743A220F56A100485B5B /* Resources */ = {
			isa = PBXResourcesBuildPhase;
			buildActionMask = 2147483647;
			files = (
			);
			runOnlyForDeploymentPostprocessing = 0;
		};
/* End PBXResourcesBuildPhase section */

/* Begin PBXSourcesBuildPhase section */
		8439742F220F56A100485B5B /* Sources */ = {
			isa = PBXSourcesBuildPhase;
			buildActionMask = 2147483647;
			files = (
				84397458220F5F5400485B5B /* NotificationBadge+Configuration.swift in Sources */,
				84397454220F5C7300485B5B /* UIView+DropShadow.swift in Sources */,
				84397456220F5D9200485B5B /* UILabel+Size.swift in Sources */,
				84397452220F588700485B5B /* UIView+Layout.swift in Sources */,
				8439744E220F570500485B5B /* NotificationBadge.swift in Sources */,
			);
			runOnlyForDeploymentPostprocessing = 0;
		};
		84397438220F56A100485B5B /* Sources */ = {
			isa = PBXSourcesBuildPhase;
			buildActionMask = 2147483647;
			files = (
				84397442220F56A100485B5B /* SwiftNotificationBadgeTests.swift in Sources */,
			);
			runOnlyForDeploymentPostprocessing = 0;
		};
/* End PBXSourcesBuildPhase section */

/* Begin PBXTargetDependency section */
		8439743F220F56A100485B5B /* PBXTargetDependency */ = {
			isa = PBXTargetDependency;
			target = 84397432220F56A100485B5B /* SwiftNotificationBadge */;
			targetProxy = 8439743E220F56A100485B5B /* PBXContainerItemProxy */;
		};
/* End PBXTargetDependency section */

/* Begin XCBuildConfiguration section */
		84397445220F56A100485B5B /* Debug */ = {
			isa = XCBuildConfiguration;
			buildSettings = {
				ALWAYS_SEARCH_USER_PATHS = NO;
				CLANG_ANALYZER_NONNULL = YES;
				CLANG_ANALYZER_NUMBER_OBJECT_CONVERSION = YES_AGGRESSIVE;
				CLANG_CXX_LANGUAGE_STANDARD = "gnu++14";
				CLANG_CXX_LIBRARY = "libc++";
				CLANG_ENABLE_MODULES = YES;
				CLANG_ENABLE_OBJC_ARC = YES;
				CLANG_ENABLE_OBJC_WEAK = YES;
				CLANG_WARN_BLOCK_CAPTURE_AUTORELEASING = YES;
				CLANG_WARN_BOOL_CONVERSION = YES;
				CLANG_WARN_COMMA = YES;
				CLANG_WARN_CONSTANT_CONVERSION = YES;
				CLANG_WARN_DEPRECATED_OBJC_IMPLEMENTATIONS = YES;
				CLANG_WARN_DIRECT_OBJC_ISA_USAGE = YES_ERROR;
				CLANG_WARN_DOCUMENTATION_COMMENTS = YES;
				CLANG_WARN_EMPTY_BODY = YES;
				CLANG_WARN_ENUM_CONVERSION = YES;
				CLANG_WARN_INFINITE_RECURSION = YES;
				CLANG_WARN_INT_CONVERSION = YES;
				CLANG_WARN_NON_LITERAL_NULL_CONVERSION = YES;
				CLANG_WARN_OBJC_IMPLICIT_RETAIN_SELF = YES;
				CLANG_WARN_OBJC_LITERAL_CONVERSION = YES;
				CLANG_WARN_OBJC_ROOT_CLASS = YES_ERROR;
				CLANG_WARN_RANGE_LOOP_ANALYSIS = YES;
				CLANG_WARN_STRICT_PROTOTYPES = YES;
				CLANG_WARN_SUSPICIOUS_MOVE = YES;
				CLANG_WARN_UNGUARDED_AVAILABILITY = YES_AGGRESSIVE;
				CLANG_WARN_UNREACHABLE_CODE = YES;
				CLANG_WARN__DUPLICATE_METHOD_MATCH = YES;
				CODE_SIGN_IDENTITY = "iPhone Developer";
				COPY_PHASE_STRIP = NO;
				CURRENT_PROJECT_VERSION = 1;
				DEBUG_INFORMATION_FORMAT = dwarf;
				ENABLE_STRICT_OBJC_MSGSEND = YES;
				ENABLE_TESTABILITY = YES;
				GCC_C_LANGUAGE_STANDARD = gnu11;
				GCC_DYNAMIC_NO_PIC = NO;
				GCC_NO_COMMON_BLOCKS = YES;
				GCC_OPTIMIZATION_LEVEL = 0;
				GCC_PREPROCESSOR_DEFINITIONS = (
					"DEBUG=1",
					"$(inherited)",
				);
				GCC_WARN_64_TO_32_BIT_CONVERSION = YES;
				GCC_WARN_ABOUT_RETURN_TYPE = YES_ERROR;
				GCC_WARN_UNDECLARED_SELECTOR = YES;
				GCC_WARN_UNINITIALIZED_AUTOS = YES_AGGRESSIVE;
				GCC_WARN_UNUSED_FUNCTION = YES;
				GCC_WARN_UNUSED_VARIABLE = YES;
				IPHONEOS_DEPLOYMENT_TARGET = 10.0;
				MTL_ENABLE_DEBUG_INFO = INCLUDE_SOURCE;
				MTL_FAST_MATH = YES;
				ONLY_ACTIVE_ARCH = YES;
				SDKROOT = iphoneos;
				SWIFT_ACTIVE_COMPILATION_CONDITIONS = DEBUG;
				SWIFT_OPTIMIZATION_LEVEL = "-Onone";
				VERSIONING_SYSTEM = "apple-generic";
				VERSION_INFO_PREFIX = "";
			};
			name = Debug;
		};
		84397446220F56A100485B5B /* Release */ = {
			isa = XCBuildConfiguration;
			buildSettings = {
				ALWAYS_SEARCH_USER_PATHS = NO;
				CLANG_ANALYZER_NONNULL = YES;
				CLANG_ANALYZER_NUMBER_OBJECT_CONVERSION = YES_AGGRESSIVE;
				CLANG_CXX_LANGUAGE_STANDARD = "gnu++14";
				CLANG_CXX_LIBRARY = "libc++";
				CLANG_ENABLE_MODULES = YES;
				CLANG_ENABLE_OBJC_ARC = YES;
				CLANG_ENABLE_OBJC_WEAK = YES;
				CLANG_WARN_BLOCK_CAPTURE_AUTORELEASING = YES;
				CLANG_WARN_BOOL_CONVERSION = YES;
				CLANG_WARN_COMMA = YES;
				CLANG_WARN_CONSTANT_CONVERSION = YES;
				CLANG_WARN_DEPRECATED_OBJC_IMPLEMENTATIONS = YES;
				CLANG_WARN_DIRECT_OBJC_ISA_USAGE = YES_ERROR;
				CLANG_WARN_DOCUMENTATION_COMMENTS = YES;
				CLANG_WARN_EMPTY_BODY = YES;
				CLANG_WARN_ENUM_CONVERSION = YES;
				CLANG_WARN_INFINITE_RECURSION = YES;
				CLANG_WARN_INT_CONVERSION = YES;
				CLANG_WARN_NON_LITERAL_NULL_CONVERSION = YES;
				CLANG_WARN_OBJC_IMPLICIT_RETAIN_SELF = YES;
				CLANG_WARN_OBJC_LITERAL_CONVERSION = YES;
				CLANG_WARN_OBJC_ROOT_CLASS = YES_ERROR;
				CLANG_WARN_RANGE_LOOP_ANALYSIS = YES;
				CLANG_WARN_STRICT_PROTOTYPES = YES;
				CLANG_WARN_SUSPICIOUS_MOVE = YES;
				CLANG_WARN_UNGUARDED_AVAILABILITY = YES_AGGRESSIVE;
				CLANG_WARN_UNREACHABLE_CODE = YES;
				CLANG_WARN__DUPLICATE_METHOD_MATCH = YES;
				CODE_SIGN_IDENTITY = "iPhone Developer";
				COPY_PHASE_STRIP = NO;
				CURRENT_PROJECT_VERSION = 1;
				DEBUG_INFORMATION_FORMAT = "dwarf-with-dsym";
				ENABLE_NS_ASSERTIONS = NO;
				ENABLE_STRICT_OBJC_MSGSEND = YES;
				GCC_C_LANGUAGE_STANDARD = gnu11;
				GCC_NO_COMMON_BLOCKS = YES;
				GCC_WARN_64_TO_32_BIT_CONVERSION = YES;
				GCC_WARN_ABOUT_RETURN_TYPE = YES_ERROR;
				GCC_WARN_UNDECLARED_SELECTOR = YES;
				GCC_WARN_UNINITIALIZED_AUTOS = YES_AGGRESSIVE;
				GCC_WARN_UNUSED_FUNCTION = YES;
				GCC_WARN_UNUSED_VARIABLE = YES;
				IPHONEOS_DEPLOYMENT_TARGET = 10.0;
				MTL_ENABLE_DEBUG_INFO = NO;
				MTL_FAST_MATH = YES;
				SDKROOT = iphoneos;
				SWIFT_COMPILATION_MODE = wholemodule;
				SWIFT_OPTIMIZATION_LEVEL = "-O";
				VALIDATE_PRODUCT = YES;
				VERSIONING_SYSTEM = "apple-generic";
				VERSION_INFO_PREFIX = "";
			};
			name = Release;
		};
		84397448220F56A100485B5B /* Debug */ = {
			isa = XCBuildConfiguration;
			buildSettings = {
				CLANG_ENABLE_MODULES = YES;
				CODE_SIGN_IDENTITY = "";
				CODE_SIGN_STYLE = Automatic;
				DEFINES_MODULE = YES;
				DYLIB_COMPATIBILITY_VERSION = 1;
				DYLIB_CURRENT_VERSION = 1;
				DYLIB_INSTALL_NAME_BASE = "@rpath";
				INFOPLIST_FILE = SwiftNotificationBadge/Info.plist;
				INSTALL_PATH = "$(LOCAL_LIBRARY_DIR)/Frameworks";
				IPHONEOS_DEPLOYMENT_TARGET = 10.0;
				LD_RUNPATH_SEARCH_PATHS = (
					"$(inherited)",
					"@executable_path/Frameworks",
					"@loader_path/Frameworks",
				);
				PRODUCT_BUNDLE_IDENTIFIER = com.manish.SwiftNotificationBadge;
				PRODUCT_NAME = "$(TARGET_NAME:c99extidentifier)";
				SKIP_INSTALL = YES;
				SWIFT_OPTIMIZATION_LEVEL = "-Onone";
				SWIFT_VERSION = 4.2;
				TARGETED_DEVICE_FAMILY = "1,2";
			};
			name = Debug;
		};
		84397449220F56A100485B5B /* Release */ = {
			isa = XCBuildConfiguration;
			buildSettings = {
				CLANG_ENABLE_MODULES = YES;
				CODE_SIGN_IDENTITY = "";
				CODE_SIGN_STYLE = Automatic;
				DEFINES_MODULE = YES;
				DYLIB_COMPATIBILITY_VERSION = 1;
				DYLIB_CURRENT_VERSION = 1;
				DYLIB_INSTALL_NAME_BASE = "@rpath";
				INFOPLIST_FILE = SwiftNotificationBadge/Info.plist;
				INSTALL_PATH = "$(LOCAL_LIBRARY_DIR)/Frameworks";
				IPHONEOS_DEPLOYMENT_TARGET = 10.0;
				LD_RUNPATH_SEARCH_PATHS = (
					"$(inherited)",
					"@executable_path/Frameworks",
					"@loader_path/Frameworks",
				);
				PRODUCT_BUNDLE_IDENTIFIER = com.manish.SwiftNotificationBadge;
				PRODUCT_NAME = "$(TARGET_NAME:c99extidentifier)";
				SKIP_INSTALL = YES;
				SWIFT_VERSION = 4.2;
				TARGETED_DEVICE_FAMILY = "1,2";
			};
			name = Release;
		};
		8439744B220F56A100485B5B /* Debug */ = {
			isa = XCBuildConfiguration;
			buildSettings = {
				ALWAYS_EMBED_SWIFT_STANDARD_LIBRARIES = YES;
				CODE_SIGN_STYLE = Automatic;
				INFOPLIST_FILE = SwiftNotificationBadgeTests/Info.plist;
				LD_RUNPATH_SEARCH_PATHS = (
					"$(inherited)",
					"@executable_path/Frameworks",
					"@loader_path/Frameworks",
				);
				PRODUCT_BUNDLE_IDENTIFIER = com.manish.SwiftNotificationBadgeTests;
				PRODUCT_NAME = "$(TARGET_NAME)";
				SWIFT_VERSION = 4.2;
				TARGETED_DEVICE_FAMILY = "1,2";
			};
			name = Debug;
		};
		8439744C220F56A100485B5B /* Release */ = {
			isa = XCBuildConfiguration;
			buildSettings = {
				ALWAYS_EMBED_SWIFT_STANDARD_LIBRARIES = YES;
				CODE_SIGN_STYLE = Automatic;
				INFOPLIST_FILE = SwiftNotificationBadgeTests/Info.plist;
				LD_RUNPATH_SEARCH_PATHS = (
					"$(inherited)",
					"@executable_path/Frameworks",
					"@loader_path/Frameworks",
				);
				PRODUCT_BUNDLE_IDENTIFIER = com.manish.SwiftNotificationBadgeTests;
				PRODUCT_NAME = "$(TARGET_NAME)";
				SWIFT_VERSION = 4.2;
				TARGETED_DEVICE_FAMILY = "1,2";
			};
			name = Release;
		};
/* End XCBuildConfiguration section */

/* Begin XCConfigurationList section */
		8439742D220F56A100485B5B /* Build configuration list for PBXProject "SwiftNotificationBadge" */ = {
			isa = XCConfigurationList;
			buildConfigurations = (
				84397445220F56A100485B5B /* Debug */,
				84397446220F56A100485B5B /* Release */,
			);
			defaultConfigurationIsVisible = 0;
			defaultConfigurationName = Release;
		};
		84397447220F56A100485B5B /* Build configuration list for PBXNativeTarget "SwiftNotificationBadge" */ = {
			isa = XCConfigurationList;
			buildConfigurations = (
				84397448220F56A100485B5B /* Debug */,
				84397449220F56A100485B5B /* Release */,
			);
			defaultConfigurationIsVisible = 0;
			defaultConfigurationName = Release;
		};
		8439744A220F56A100485B5B /* Build configuration list for PBXNativeTarget "SwiftNotificationBadgeTests" */ = {
			isa = XCConfigurationList;
			buildConfigurations = (
				8439744B220F56A100485B5B /* Debug */,
				8439744C220F56A100485B5B /* Release */,
			);
			defaultConfigurationIsVisible = 0;
			defaultConfigurationName = Release;
		};
/* End XCConfigurationList section */
	};
	rootObject = 8439742A220F56A100485B5B /* Project object */;
}
